
Microsoft Visual Studio Solution File, Format Version 12.00
# Visual Studio Version 17
VisualStudioVersion = 17.13.35825.156 d17.13
MinimumVisualStudioVersion = 10.0.40219.1
Project("{FAE04EC0-301F-11D3-BF4B-00C04F79EFBC}") = "UTS-PEOPLEEEE", "..\UTS-PEOPLEEEE\UTS-PEOPLEEEE.csproj", "{8B0CE832-3E3D-70A5-C95C-01A0F6FA9F6E}"
EndProject
Project("{FAE04EC0-301F-11D3-BF4B-00C04F79EFBC}") = "VendingMachineSolution2", "..\VendingMachineSolution2\VendingMachineSolution2.csproj", "{D60A2D11-F9FD-47D3-A8A9-1018A350F6BF}"
EndProject
Global
	GlobalSection(SolutionConfigurationPlatforms) = preSolution
		Debug|Any CPU = Debug|Any CPU
		Release|Any CPU = Release|Any CPU
	EndGlobalSection
	GlobalSection(ProjectConfigurationPlatforms) = postSolution
		{8B0CE832-3E3D-70A5-C95C-01A0F6FA9F6E}.Debug|Any CPU.ActiveCfg = Debug|Any CPU
		{8B0CE832-3E3D-70A5-C95C-01A0F6FA9F6E}.Debug|Any CPU.Build.0 = Debug|Any CPU
		{8B0CE832-3E3D-70A5-C95C-01A0F6FA9F6E}.Release|Any CPU.ActiveCfg = Release|Any CPU
		{8B0CE832-3E3D-70A5-C95C-01A0F6FA9F6E}.Release|Any CPU.Build.0 = Release|Any CPU
		{D60A2D11-F9FD-47D3-A8A9-1018A350F6BF}.Debug|Any CPU.ActiveCfg = Debug|Any CPU
		{D60A2D11-F9FD-47D3-A8A9-1018A350F6BF}.Debug|Any CPU.Build.0 = Debug|Any CPU
		{D60A2D11-F9FD-47D3-A8A9-1018A350F6BF}.Release|Any CPU.ActiveCfg = Release|Any CPU
		{D60A2D11-F9FD-47D3-A8A9-1018A350F6BF}.Release|Any CPU.Build.0 = Release|Any CPU
	EndGlobalSection
	GlobalSection(SolutionProperties) = preSolution
		HideSolutionNode = FALSE
	EndGlobalSection
	GlobalSection(ExtensibilityGlobals) = postSolution
		SolutionGuid = {8BE38839-34C2-4575-9069-E794F1358B58}
	EndGlobalSection
EndGlobal
