
Microsoft Visual Studio Solution File, Format Version 12.00
# Visual Studio Version 17
VisualStudioVersion = 17.13.35818.85
MinimumVisualStudioVersion = 10.0.40219.1
Project("{FAE04EC0-301F-11D3-BF4B-00C04F79EFBC}") = "UTS-PEOPLEEEE", "UTS-PEOPLEEEE\UTS-PEOPLEEEE.csproj", "{4BC45D1C-427C-44F2-9925-F56C3B29126A}"
EndProject
Project("{FAE04EC0-301F-11D3-BF4B-00C04F79EFBC}") = "TestProject", "TestProject\TestProject.csproj", "{BA4732CA-259D-4BA7-B3FD-A792285D846C}"
EndProject
Project("{FAE04EC0-301F-11D3-BF4B-00C04F79EFBC}") = "MSTestVending", "MSTestVending\MSTestVending.csproj", "{9448C1C9-0276-43FD-966A-61EA63E9A9DC}"
EndProject
Global
	GlobalSection(SolutionConfigurationPlatforms) = preSolution
		Debug|Any CPU = Debug|Any CPU
		Release|Any CPU = Release|Any CPU
	EndGlobalSection
	GlobalSection(ProjectConfigurationPlatforms) = postSolution
		{4BC45D1C-427C-44F2-9925-F56C3B29126A}.Debug|Any CPU.ActiveCfg = Debug|Any CPU
		{4BC45D1C-427C-44F2-9925-F56C3B29126A}.Debug|Any CPU.Build.0 = Debug|Any CPU
		{4BC45D1C-427C-44F2-9925-F56C3B29126A}.Release|Any CPU.ActiveCfg = Release|Any CPU
		{4BC45D1C-427C-44F2-9925-F56C3B29126A}.Release|Any CPU.Build.0 = Release|Any CPU
		{BA4732CA-259D-4BA7-B3FD-A792285D846C}.Debug|Any CPU.ActiveCfg = Debug|Any CPU
		{BA4732CA-259D-4BA7-B3FD-A792285D846C}.Debug|Any CPU.Build.0 = Debug|Any CPU
		{BA4732CA-259D-4BA7-B3FD-A792285D846C}.Release|Any CPU.ActiveCfg = Release|Any CPU
		{BA4732CA-259D-4BA7-B3FD-A792285D846C}.Release|Any CPU.Build.0 = Release|Any CPU
		{9448C1C9-0276-43FD-966A-61EA63E9A9DC}.Debug|Any CPU.ActiveCfg = Debug|Any CPU
		{9448C1C9-0276-43FD-966A-61EA63E9A9DC}.Debug|Any CPU.Build.0 = Debug|Any CPU
		{9448C1C9-0276-43FD-966A-61EA63E9A9DC}.Release|Any CPU.ActiveCfg = Release|Any CPU
		{9448C1C9-0276-43FD-966A-61EA63E9A9DC}.Release|Any CPU.Build.0 = Release|Any CPU
	EndGlobalSection
	GlobalSection(SolutionProperties) = preSolution
		HideSolutionNode = FALSE
	EndGlobalSection
	GlobalSection(ExtensibilityGlobals) = postSolution
		SolutionGuid = {75C7119B-E886-4FA4-9FA7-3CC6860B9DA3}
	EndGlobalSection
EndGlobal
